
Microsoft Visual Studio Solution File, Format Version 11.00
# Visual C# Express 2010
Project("{FAE04EC0-301F-11D3-BF4B-00C04F79EFBC}") = "letAllyKE", "letAllyKE\letAllyKE.csproj", "{2C7DB4B9-A981-48F3-A220-BB863AC99896}"
EndProject
Project("{FAE04EC0-301F-11D3-BF4B-00C04F79EFBC}") = "partAllyKE", "partAllyKE\partAllyKE.csproj", "{36769501-2458-4C8E-AB35-D9FE99E87F14}"
EndProject
Project("{FAE04EC0-301F-11D3-BF4B-00C04F79EFBC}") = "viewAllyKE", "viewAllyKE\viewAllyKE.csproj", "{29CCB3B4-CE35-44E3-9F49-BF53DDF0D49E}"
EndProject
Project("{FAE04EC0-301F-11D3-BF4B-00C04F79EFBC}") = "mdlAllyKE", "mdlAllyKE\mdlAllyKE.csproj", "{37CAA6A7-C6FB-4A90-B5EB-E02B3B16E860}"
EndProject
Project("{FAE04EC0-301F-11D3-BF4B-00C04F79EFBC}") = "viewLogKE", "viewLogKE\viewLogKE.csproj", "{D1CA455F-A867-4A8D-A14E-8121EF2607F6}"
EndProject
Project("{FAE04EC0-301F-11D3-BF4B-00C04F79EFBC}") = "plgAllyKE", "plgAllyKE\plgAllyKE.csproj", "{FE641FA6-F49B-4D69-BC84-5E4BFE43BA5E}"
EndProject
Global
	GlobalSection(SolutionConfigurationPlatforms) = preSolution
		Debug|Any CPU = Debug|Any CPU
		Debug|Mixed Platforms = Debug|Mixed Platforms
		Debug|x86 = Debug|x86
		Release|Any CPU = Release|Any CPU
		Release|Mixed Platforms = Release|Mixed Platforms
		Release|x86 = Release|x86
	EndGlobalSection
	GlobalSection(ProjectConfigurationPlatforms) = postSolution
		{2C7DB4B9-A981-48F3-A220-BB863AC99896}.Debug|Any CPU.ActiveCfg = Debug|x86
		{2C7DB4B9-A981-48F3-A220-BB863AC99896}.Debug|Mixed Platforms.ActiveCfg = Debug|x86
		{2C7DB4B9-A981-48F3-A220-BB863AC99896}.Debug|Mixed Platforms.Build.0 = Debug|x86
		{2C7DB4B9-A981-48F3-A220-BB863AC99896}.Debug|x86.ActiveCfg = Debug|x86
		{2C7DB4B9-A981-48F3-A220-BB863AC99896}.Debug|x86.Build.0 = Debug|x86
		{2C7DB4B9-A981-48F3-A220-BB863AC99896}.Release|Any CPU.ActiveCfg = Release|x86
		{2C7DB4B9-A981-48F3-A220-BB863AC99896}.Release|Mixed Platforms.ActiveCfg = Release|x86
		{2C7DB4B9-A981-48F3-A220-BB863AC99896}.Release|Mixed Platforms.Build.0 = Release|x86
		{2C7DB4B9-A981-48F3-A220-BB863AC99896}.Release|x86.ActiveCfg = Release|x86
		{2C7DB4B9-A981-48F3-A220-BB863AC99896}.Release|x86.Build.0 = Release|x86
		{36769501-2458-4C8E-AB35-D9FE99E87F14}.Debug|Any CPU.ActiveCfg = Debug|Any CPU
		{36769501-2458-4C8E-AB35-D9FE99E87F14}.Debug|Any CPU.Build.0 = Debug|Any CPU
		{36769501-2458-4C8E-AB35-D9FE99E87F14}.Debug|Mixed Platforms.ActiveCfg = Debug|Any CPU
		{36769501-2458-4C8E-AB35-D9FE99E87F14}.Debug|Mixed Platforms.Build.0 = Debug|Any CPU
		{36769501-2458-4C8E-AB35-D9FE99E87F14}.Debug|x86.ActiveCfg = Debug|Any CPU
		{36769501-2458-4C8E-AB35-D9FE99E87F14}.Release|Any CPU.ActiveCfg = Release|Any CPU
		{36769501-2458-4C8E-AB35-D9FE99E87F14}.Release|Any CPU.Build.0 = Release|Any CPU
		{36769501-2458-4C8E-AB35-D9FE99E87F14}.Release|Mixed Platforms.ActiveCfg = Release|Any CPU
		{36769501-2458-4C8E-AB35-D9FE99E87F14}.Release|Mixed Platforms.Build.0 = Release|Any CPU
		{36769501-2458-4C8E-AB35-D9FE99E87F14}.Release|x86.ActiveCfg = Release|Any CPU
		{29CCB3B4-CE35-44E3-9F49-BF53DDF0D49E}.Debug|Any CPU.ActiveCfg = Debug|Any CPU
		{29CCB3B4-CE35-44E3-9F49-BF53DDF0D49E}.Debug|Any CPU.Build.0 = Debug|Any CPU
		{29CCB3B4-CE35-44E3-9F49-BF53DDF0D49E}.Debug|Mixed Platforms.ActiveCfg = Debug|Any CPU
		{29CCB3B4-CE35-44E3-9F49-BF53DDF0D49E}.Debug|Mixed Platforms.Build.0 = Debug|Any CPU
		{29CCB3B4-CE35-44E3-9F49-BF53DDF0D49E}.Debug|x86.ActiveCfg = Debug|Any CPU
		{29CCB3B4-CE35-44E3-9F49-BF53DDF0D49E}.Release|Any CPU.ActiveCfg = Release|Any CPU
		{29CCB3B4-CE35-44E3-9F49-BF53DDF0D49E}.Release|Any CPU.Build.0 = Release|Any CPU
		{29CCB3B4-CE35-44E3-9F49-BF53DDF0D49E}.Release|Mixed Platforms.ActiveCfg = Release|Any CPU
		{29CCB3B4-CE35-44E3-9F49-BF53DDF0D49E}.Release|Mixed Platforms.Build.0 = Release|Any CPU
		{29CCB3B4-CE35-44E3-9F49-BF53DDF0D49E}.Release|x86.ActiveCfg = Release|Any CPU
		{37CAA6A7-C6FB-4A90-B5EB-E02B3B16E860}.Debug|Any CPU.ActiveCfg = Debug|Any CPU
		{37CAA6A7-C6FB-4A90-B5EB-E02B3B16E860}.Debug|Any CPU.Build.0 = Debug|Any CPU
		{37CAA6A7-C6FB-4A90-B5EB-E02B3B16E860}.Debug|Mixed Platforms.ActiveCfg = Debug|Any CPU
		{37CAA6A7-C6FB-4A90-B5EB-E02B3B16E860}.Debug|Mixed Platforms.Build.0 = Debug|Any CPU
		{37CAA6A7-C6FB-4A90-B5EB-E02B3B16E860}.Debug|x86.ActiveCfg = Debug|Any CPU
		{37CAA6A7-C6FB-4A90-B5EB-E02B3B16E860}.Release|Any CPU.ActiveCfg = Release|Any CPU
		{37CAA6A7-C6FB-4A90-B5EB-E02B3B16E860}.Release|Any CPU.Build.0 = Release|Any CPU
		{37CAA6A7-C6FB-4A90-B5EB-E02B3B16E860}.Release|Mixed Platforms.ActiveCfg = Release|Any CPU
		{37CAA6A7-C6FB-4A90-B5EB-E02B3B16E860}.Release|Mixed Platforms.Build.0 = Release|Any CPU
		{37CAA6A7-C6FB-4A90-B5EB-E02B3B16E860}.Release|x86.ActiveCfg = Release|Any CPU
		{D1CA455F-A867-4A8D-A14E-8121EF2607F6}.Debug|Any CPU.ActiveCfg = Debug|Any CPU
		{D1CA455F-A867-4A8D-A14E-8121EF2607F6}.Debug|Any CPU.Build.0 = Debug|Any CPU
		{D1CA455F-A867-4A8D-A14E-8121EF2607F6}.Debug|Mixed Platforms.ActiveCfg = Debug|Any CPU
		{D1CA455F-A867-4A8D-A14E-8121EF2607F6}.Debug|Mixed Platforms.Build.0 = Debug|Any CPU
		{D1CA455F-A867-4A8D-A14E-8121EF2607F6}.Debug|x86.ActiveCfg = Debug|Any CPU
		{D1CA455F-A867-4A8D-A14E-8121EF2607F6}.Release|Any CPU.ActiveCfg = Release|Any CPU
		{D1CA455F-A867-4A8D-A14E-8121EF2607F6}.Release|Any CPU.Build.0 = Release|Any CPU
		{D1CA455F-A867-4A8D-A14E-8121EF2607F6}.Release|Mixed Platforms.ActiveCfg = Release|Any CPU
		{D1CA455F-A867-4A8D-A14E-8121EF2607F6}.Release|Mixed Platforms.Build.0 = Release|Any CPU
		{D1CA455F-A867-4A8D-A14E-8121EF2607F6}.Release|x86.ActiveCfg = Release|Any CPU
		{FE641FA6-F49B-4D69-BC84-5E4BFE43BA5E}.Debug|Any CPU.ActiveCfg = Debug|Any CPU
		{FE641FA6-F49B-4D69-BC84-5E4BFE43BA5E}.Debug|Any CPU.Build.0 = Debug|Any CPU
		{FE641FA6-F49B-4D69-BC84-5E4BFE43BA5E}.Debug|Mixed Platforms.ActiveCfg = Debug|Any CPU
		{FE641FA6-F49B-4D69-BC84-5E4BFE43BA5E}.Debug|Mixed Platforms.Build.0 = Debug|Any CPU
		{FE641FA6-F49B-4D69-BC84-5E4BFE43BA5E}.Debug|x86.ActiveCfg = Debug|Any CPU
		{FE641FA6-F49B-4D69-BC84-5E4BFE43BA5E}.Release|Any CPU.ActiveCfg = Release|Any CPU
		{FE641FA6-F49B-4D69-BC84-5E4BFE43BA5E}.Release|Any CPU.Build.0 = Release|Any CPU
		{FE641FA6-F49B-4D69-BC84-5E4BFE43BA5E}.Release|Mixed Platforms.ActiveCfg = Release|Any CPU
		{FE641FA6-F49B-4D69-BC84-5E4BFE43BA5E}.Release|Mixed Platforms.Build.0 = Release|Any CPU
		{FE641FA6-F49B-4D69-BC84-5E4BFE43BA5E}.Release|x86.ActiveCfg = Release|Any CPU
	EndGlobalSection
	GlobalSection(SolutionProperties) = preSolution
		HideSolutionNode = FALSE
	EndGlobalSection
EndGlobal
