
Microsoft Visual Studio Solution File, Format Version 11.00
# Visual C# Express 2010
Project("{FAE04EC0-301F-11D3-BF4B-00C04F79EFBC}") = "letTB-logKF", "letTB-logKF\letTB-logKF.csproj", "{E2CCB71C-0B14-4821-BE82-209D5EF6320F}"
EndProject
Project("{FAE04EC0-301F-11D3-BF4B-00C04F79EFBC}") = "plgTB-logKF", "plgTB-logKF\plgTB-logKF.csproj", "{044EEDB2-0ADB-426B-B137-4ED8DA786B32}"
EndProject
Global
	GlobalSection(SolutionConfigurationPlatforms) = preSolution
		Debug|Any CPU = Debug|Any CPU
		Debug|Mixed Platforms = Debug|Mixed Platforms
		Debug|x86 = Debug|x86
		Release|Any CPU = Release|Any CPU
		Release|Mixed Platforms = Release|Mixed Platforms
		Release|x86 = Release|x86
	EndGlobalSection
	GlobalSection(ProjectConfigurationPlatforms) = postSolution
		{E2CCB71C-0B14-4821-BE82-209D5EF6320F}.Debug|Any CPU.ActiveCfg = Debug|x86
		{E2CCB71C-0B14-4821-BE82-209D5EF6320F}.Debug|Mixed Platforms.ActiveCfg = Debug|x86
		{E2CCB71C-0B14-4821-BE82-209D5EF6320F}.Debug|Mixed Platforms.Build.0 = Debug|x86
		{E2CCB71C-0B14-4821-BE82-209D5EF6320F}.Debug|x86.ActiveCfg = Debug|x86
		{E2CCB71C-0B14-4821-BE82-209D5EF6320F}.Debug|x86.Build.0 = Debug|x86
		{E2CCB71C-0B14-4821-BE82-209D5EF6320F}.Release|Any CPU.ActiveCfg = Release|x86
		{E2CCB71C-0B14-4821-BE82-209D5EF6320F}.Release|Mixed Platforms.ActiveCfg = Release|x86
		{E2CCB71C-0B14-4821-BE82-209D5EF6320F}.Release|Mixed Platforms.Build.0 = Release|x86
		{E2CCB71C-0B14-4821-BE82-209D5EF6320F}.Release|x86.ActiveCfg = Release|x86
		{E2CCB71C-0B14-4821-BE82-209D5EF6320F}.Release|x86.Build.0 = Release|x86
		{044EEDB2-0ADB-426B-B137-4ED8DA786B32}.Debug|Any CPU.ActiveCfg = Debug|Any CPU
		{044EEDB2-0ADB-426B-B137-4ED8DA786B32}.Debug|Any CPU.Build.0 = Debug|Any CPU
		{044EEDB2-0ADB-426B-B137-4ED8DA786B32}.Debug|Mixed Platforms.ActiveCfg = Debug|Any CPU
		{044EEDB2-0ADB-426B-B137-4ED8DA786B32}.Debug|Mixed Platforms.Build.0 = Debug|Any CPU
		{044EEDB2-0ADB-426B-B137-4ED8DA786B32}.Debug|x86.ActiveCfg = Debug|Any CPU
		{044EEDB2-0ADB-426B-B137-4ED8DA786B32}.Release|Any CPU.ActiveCfg = Release|Any CPU
		{044EEDB2-0ADB-426B-B137-4ED8DA786B32}.Release|Any CPU.Build.0 = Release|Any CPU
		{044EEDB2-0ADB-426B-B137-4ED8DA786B32}.Release|Mixed Platforms.ActiveCfg = Release|Any CPU
		{044EEDB2-0ADB-426B-B137-4ED8DA786B32}.Release|Mixed Platforms.Build.0 = Release|Any CPU
		{044EEDB2-0ADB-426B-B137-4ED8DA786B32}.Release|x86.ActiveCfg = Release|Any CPU
	EndGlobalSection
	GlobalSection(SolutionProperties) = preSolution
		HideSolutionNode = FALSE
	EndGlobalSection
EndGlobal
