
Microsoft Visual Studio Solution File, Format Version 11.00
# Visual C# Express 2010
Project("{FAE04EC0-301F-11D3-BF4B-00C04F79EFBC}") = "letEmp_KF", "letEmp_KF\letEmp_KF.csproj", "{68E4905B-9855-445B-93AB-185401D5AD06}"
EndProject
Project("{FAE04EC0-301F-11D3-BF4B-00C04F79EFBC}") = "plgEmp_KF", "plgEmp_KF\plgEmp_KF.csproj", "{61D20E3A-A6BB-47C1-84D3-0BA4B426356E}"
EndProject
Global
	GlobalSection(SolutionConfigurationPlatforms) = preSolution
		Debug|Any CPU = Debug|Any CPU
		Debug|Mixed Platforms = Debug|Mixed Platforms
		Debug|x86 = Debug|x86
		Release|Any CPU = Release|Any CPU
		Release|Mixed Platforms = Release|Mixed Platforms
		Release|x86 = Release|x86
	EndGlobalSection
	GlobalSection(ProjectConfigurationPlatforms) = postSolution
		{68E4905B-9855-445B-93AB-185401D5AD06}.Debug|Any CPU.ActiveCfg = Debug|x86
		{68E4905B-9855-445B-93AB-185401D5AD06}.Debug|Mixed Platforms.ActiveCfg = Debug|x86
		{68E4905B-9855-445B-93AB-185401D5AD06}.Debug|Mixed Platforms.Build.0 = Debug|x86
		{68E4905B-9855-445B-93AB-185401D5AD06}.Debug|x86.ActiveCfg = Debug|x86
		{68E4905B-9855-445B-93AB-185401D5AD06}.Debug|x86.Build.0 = Debug|x86
		{68E4905B-9855-445B-93AB-185401D5AD06}.Release|Any CPU.ActiveCfg = Release|x86
		{68E4905B-9855-445B-93AB-185401D5AD06}.Release|Mixed Platforms.ActiveCfg = Release|x86
		{68E4905B-9855-445B-93AB-185401D5AD06}.Release|Mixed Platforms.Build.0 = Release|x86
		{68E4905B-9855-445B-93AB-185401D5AD06}.Release|x86.ActiveCfg = Release|x86
		{68E4905B-9855-445B-93AB-185401D5AD06}.Release|x86.Build.0 = Release|x86
		{61D20E3A-A6BB-47C1-84D3-0BA4B426356E}.Debug|Any CPU.ActiveCfg = Debug|Any CPU
		{61D20E3A-A6BB-47C1-84D3-0BA4B426356E}.Debug|Any CPU.Build.0 = Debug|Any CPU
		{61D20E3A-A6BB-47C1-84D3-0BA4B426356E}.Debug|Mixed Platforms.ActiveCfg = Debug|Any CPU
		{61D20E3A-A6BB-47C1-84D3-0BA4B426356E}.Debug|Mixed Platforms.Build.0 = Debug|Any CPU
		{61D20E3A-A6BB-47C1-84D3-0BA4B426356E}.Debug|x86.ActiveCfg = Debug|Any CPU
		{61D20E3A-A6BB-47C1-84D3-0BA4B426356E}.Release|Any CPU.ActiveCfg = Release|Any CPU
		{61D20E3A-A6BB-47C1-84D3-0BA4B426356E}.Release|Any CPU.Build.0 = Release|Any CPU
		{61D20E3A-A6BB-47C1-84D3-0BA4B426356E}.Release|Mixed Platforms.ActiveCfg = Release|Any CPU
		{61D20E3A-A6BB-47C1-84D3-0BA4B426356E}.Release|Mixed Platforms.Build.0 = Release|Any CPU
		{61D20E3A-A6BB-47C1-84D3-0BA4B426356E}.Release|x86.ActiveCfg = Release|Any CPU
	EndGlobalSection
	GlobalSection(SolutionProperties) = preSolution
		HideSolutionNode = FALSE
	EndGlobalSection
EndGlobal
